
Microsoft Visual Studio Solution File, Format Version 12.00
# Visual Studio 14
VisualStudioVersion = 14.0.25420.1
MinimumVisualStudioVersion = 10.0.40219.1
Project("{FAE04EC0-301F-11D3-BF4B-00C04F79EFBC}") = "AeroRadio+", "AeroRadio+\AeroRadio+.csproj", "{23928CDA-9C59-4B83-AA27-C8F8F6E0E65A}"
EndProject
Global
	GlobalSection(SolutionConfigurationPlatforms) = preSolution
		Debug|Any CPU = Debug|Any CPU
		Debug|x64 = Debug|x64
		Debug|x86 = Debug|x86
		Release|Any CPU = Release|Any CPU
		Release|x64 = Release|x64
		Release|x86 = Release|x86
	EndGlobalSection
	GlobalSection(ProjectConfigurationPlatforms) = postSolution
		{23928CDA-9C59-4B83-AA27-C8F8F6E0E65A}.Debug|Any CPU.ActiveCfg = Debug|Any CPU
		{23928CDA-9C59-4B83-AA27-C8F8F6E0E65A}.Debug|Any CPU.Build.0 = Debug|Any CPU
		{23928CDA-9C59-4B83-AA27-C8F8F6E0E65A}.Debug|x64.ActiveCfg = Debug|x64
		{23928CDA-9C59-4B83-AA27-C8F8F6E0E65A}.Debug|x64.Build.0 = Debug|x64
		{23928CDA-9C59-4B83-AA27-C8F8F6E0E65A}.Debug|x86.ActiveCfg = Debug|x86
		{23928CDA-9C59-4B83-AA27-C8F8F6E0E65A}.Debug|x86.Build.0 = Debug|x86
		{23928CDA-9C59-4B83-AA27-C8F8F6E0E65A}.Release|Any CPU.ActiveCfg = Release|Any CPU
		{23928CDA-9C59-4B83-AA27-C8F8F6E0E65A}.Release|Any CPU.Build.0 = Release|Any CPU
		{23928CDA-9C59-4B83-AA27-C8F8F6E0E65A}.Release|x64.ActiveCfg = Release|x64
		{23928CDA-9C59-4B83-AA27-C8F8F6E0E65A}.Release|x64.Build.0 = Release|x64
		{23928CDA-9C59-4B83-AA27-C8F8F6E0E65A}.Release|x86.ActiveCfg = Release|x86
		{23928CDA-9C59-4B83-AA27-C8F8F6E0E65A}.Release|x86.Build.0 = Release|x86
	EndGlobalSection
	GlobalSection(SolutionProperties) = preSolution
		HideSolutionNode = FALSE
	EndGlobalSection
EndGlobal
